{
  "version": "2",
  "remote": {
    "https://deno.land/std@0.119.0/hash/sha256.ts": "bd85257c68d1fdd9da8457284c4fbb04efa9f4f2229b5f41a638d5b71a3a8d5c",
    "https://deno.land/std@0.99.0/_util/assert.ts": "2f868145a042a11d5ad0a3c748dcf580add8a0dbc0e876eaa0026303a5488f58",
    "https://deno.land/std@0.99.0/_util/has_own_property.ts": "f5edd94ed3f3c20c517d812045deb97977e18501c9b7105b5f5c11a31893d7a2",
    "https://deno.land/std@0.99.0/_util/os.ts": "e282950a0eaa96760c0cf11e7463e66babd15ec9157d4c9ed49cc0925686f6a7",
    "https://deno.land/std@0.99.0/async/deferred.ts": "624bef4b755b71394620508a0c234a93cb8020cbd1b04bfcdad41c174392cef6",
    "https://deno.land/std@0.99.0/async/delay.ts": "9de1d8d07d1927767ab7f82434b883f3d8294fb19cad819691a2ad81a728cf3d",
    "https://deno.land/std@0.99.0/async/mod.ts": "f24e4a94f9fb7de78e8345e9590e1bf23da28a212541970413a023094448031b",
    "https://deno.land/std@0.99.0/async/mux_async_iterator.ts": "62abff3af9ff619e8f2adc96fc70d4ca020fa48a50c23c13f12d02ed2b760dbe",
    "https://deno.land/std@0.99.0/async/pool.ts": "353ce4f91865da203a097aa6f33de8966340c91b6f4a055611c8c5d534afd12f",
    "https://deno.land/std@0.99.0/async/tee.ts": "6b8f1322b6dd2396202cfbe9cde9cab158d1e962cfd9197b0a97c6657bee79ce",
    "https://deno.land/std@0.99.0/bytes/bytes_list.ts": "a13287edb03f19d27ba4927dec6d6de3e5bd46254cd4aee6f7e5815810122673",
    "https://deno.land/std@0.99.0/bytes/mod.ts": "1ae1ccfe98c4b979f12b015982c7444f81fcb921bea7aa215bf37d84f46e1e13",
    "https://deno.land/std@0.99.0/datetime/formatter.ts": "bf7befcd2c55c3060be199ebc10e40f9c33aef6141c20f7c781d03beef25a49e",
    "https://deno.land/std@0.99.0/datetime/mod.ts": "c62a2c7e9d364f8d007f0f2496a4850a0f0790adb529de1988359d8d54f6103c",
    "https://deno.land/std@0.99.0/datetime/tokenizer.ts": "492bb6251e75e0c03d5a89a66bd2b03e08e9cbc298d51e002cf59378aaa32c48",
    "https://deno.land/std@0.99.0/fmt/colors.ts": "db22b314a2ae9430ae7460ce005e0a7130e23ae1c999157e3bb77cf55800f7e4",
    "https://deno.land/std@0.99.0/http/_io.ts": "f4446e433d8d0009851c7de20d594746de228399c382cbee65da30eb87e70827",
    "https://deno.land/std@0.99.0/http/cookie.ts": "5952a0a7973fcacb99fdcbe080b735a367194514217d2c6788f92a299c87136c",
    "https://deno.land/std@0.99.0/http/http_status.ts": "ebaa9bebfb8adc3d7b20c49e11037e4eefd79629ad80d81383933f4cdc91b3eb",
    "https://deno.land/std@0.99.0/http/server.ts": "39414681549353ebd0665e3df4145ee0a93a989cd0f55bed14fdb2c43d2faa3b",
    "https://deno.land/std@0.99.0/io/buffer.ts": "3ead6bb11276ebcf093c403f74f67fd2205a515dbbb9061862c468ca56f37cd8",
    "https://deno.land/std@0.99.0/io/bufio.ts": "82fe6a499cacf4604844472ccf328cb0a1c0571c0f83b5ee67e475018342b4ae",
    "https://deno.land/std@0.99.0/io/ioutil.ts": "3c6b7c8be3b8cd19746de028c40063193578612244a935dcc27be9f3ff343b0c",
    "https://deno.land/std@0.99.0/io/readers.ts": "17403919724fef2f343c88555606368868a5c752a1099ad801f6a381c170f62d",
    "https://deno.land/std@0.99.0/io/types.d.ts": "89a27569399d380246ca7cdd9e14d5e68459f11fb6110790cc5ecbd4ee7f3215",
    "https://deno.land/std@0.99.0/io/util.ts": "318be78b7954da25f0faffe123fef0d9423ea61af98467e860c06b60265eff6d",
    "https://deno.land/std@0.99.0/mime/multipart.ts": "f52b50c4d7c52a7ce4cc59e359c36085e7903073c9b06ed0064dd092cc3e3559",
    "https://deno.land/std@0.99.0/path/_constants.ts": "1247fee4a79b70c89f23499691ef169b41b6ccf01887a0abd131009c5581b853",
    "https://deno.land/std@0.99.0/path/_interface.ts": "1fa73b02aaa24867e481a48492b44f2598cd9dfa513c7b34001437007d3642e4",
    "https://deno.land/std@0.99.0/path/_util.ts": "2e06a3b9e79beaf62687196bd4b60a4c391d862cfa007a20fc3a39f778ba073b",
    "https://deno.land/std@0.99.0/path/common.ts": "eaf03d08b569e8a87e674e4e265e099f237472b6fd135b3cbeae5827035ea14a",
    "https://deno.land/std@0.99.0/path/glob.ts": "314ad9ff263b895795208cdd4d5e35a44618ca3c6dd155e226fb15d065008652",
    "https://deno.land/std@0.99.0/path/mod.ts": "4465dc494f271b02569edbb4a18d727063b5dbd6ed84283ff906260970a15d12",
    "https://deno.land/std@0.99.0/path/posix.ts": "f56c3c99feb47f30a40ce9d252ef6f00296fa7c0fcb6dd81211bdb3b8b99ca3b",
    "https://deno.land/std@0.99.0/path/separator.ts": "8fdcf289b1b76fd726a508f57d3370ca029ae6976fcde5044007f062e643ff1c",
    "https://deno.land/std@0.99.0/path/win32.ts": "77f7b3604e0de40f3a7c698e8a79e7f601dc187035a1c21cb1e596666ce112f8",
    "https://deno.land/std@0.99.0/testing/_diff.ts": "961eaf6d9f5b0a8556c9d835bbc6fa74f5addd7d3b02728ba7936ff93364f7a3",
    "https://deno.land/std@0.99.0/testing/asserts.ts": "289b6ccf3b422ffb311cbf56996960d6530f8d8c0a7281803764c5ec672f9f9c",
    "https://deno.land/std@0.99.0/textproto/mod.ts": "6e8430986393e3929720cec9c6668d75dee2ffd953886e842dc124c251cb86c8",
    "https://deno.land/x/abc@v1.3.3/_header.ts": "111617a83e956c74f2bb2c3ccbb0cc39801b13365c11c050e74d0b74d31546ac",
    "https://deno.land/x/abc@v1.3.3/_http_method.ts": "407c04d24eaee5ce9a1b00a9f1ef0d5b0b0cacfec080a98ece15ed8471ee9ef8",
    "https://deno.land/x/abc@v1.3.3/_mime.ts": "2e99da483808e154a430f59c66ae35920576b1bd63b26020d95dd811195e2711",
    "https://deno.land/x/abc@v1.3.3/app.ts": "1f53474297862c7f62e6d43ebab2d29cb094dab6f4c75830fb070ec750bf4a2d",
    "https://deno.land/x/abc@v1.3.3/constants.ts": "1c04ea5873f9540a1c227c70ebbf97f3f3c2751a88b98f035f7eccf6b3ae4201",
    "https://deno.land/x/abc@v1.3.3/context.ts": "ea13c47a98bc6316ea4593da186ee873150965a417bc6f6ea59ee647ab6551a1",
    "https://deno.land/x/abc@v1.3.3/group.ts": "e6d990a470cce002a9a00e5666a4960b552c3f82116522bb1bd2b64490309653",
    "https://deno.land/x/abc@v1.3.3/http_exception.ts": "45cd2e85f3f63f011af35064459d5180257766ebc4af981aef6c3a7fc9955ca3",
    "https://deno.land/x/abc@v1.3.3/mod.ts": "861cbdf90446f40afc7ddcaacbcb69e432e0970e6c6ea830ea80fd988de3a2e8",
    "https://deno.land/x/abc@v1.3.3/router.ts": "45be01701031eda4c95f9a68c6248014a4e939c2e9e0679d920867fe327a7da0",
    "https://deno.land/x/abc@v1.3.3/types.ts": "2e8a6ebbacf3c814b3b1f40d9b38a8833d8e41b55b67a23e5bbedf4edb51212a",
    "https://deno.land/x/abc@v1.3.3/util.ts": "8eb6a894461a1875132b4d380cf6e52396a5fbcc7e1cde4aa7d523183cadf51b",
    "https://deno.land/x/abc@v1.3.3/vendor/https/deno.land/std/fmt/colors.ts": "93696b8a09812be4b29b97f4d827ba2d51ad0616d0822a5238d762fd203b97bc",
    "https://deno.land/x/abc@v1.3.3/vendor/https/deno.land/std/http/cookie.ts": "78fb7a9bc4d69d7b0d987c03d68bf1e0f3f5711bf4a7da031aefc0daf712dc20",
    "https://deno.land/x/abc@v1.3.3/vendor/https/deno.land/std/http/http_status.ts": "002623248dd90bafa10ebff7e7054edeafaddac7e73ca8427c2d9ae630bfa317",
    "https://deno.land/x/abc@v1.3.3/vendor/https/deno.land/std/http/server.ts": "7499327efb3fb452b9ffe2385e2b863c474685177e420ef9f02e6cd267b958ea",
    "https://deno.land/x/abc@v1.3.3/vendor/https/deno.land/std/mime/multipart.ts": "54ae11cbdb7f97b70e604126dab62b95d5943ffedcd297299ad3971a40729091",
    "https://deno.land/x/abc@v1.3.3/vendor/https/deno.land/std/path/mod.ts": "58a5045f107db66313b8b07babc2072a3ff10d4f34df7d826979ae3998c12f7d",
    "https://deno.land/x/abc@v1.3.3/vendor/https/deno.land/x/router/mod.ts": "a12a329c0b5d04e409fc7ad9f202fd3f78ed494e0236c04eba98a02e69731707",
    "https://deno.land/x/dotenv@v3.2.2/load.ts": "cbd76a0aee01aad8d09222afaa1dd04b84d9d3e44637503b01bf77a91df9e041",
    "https://deno.land/x/dotenv@v3.2.2/mod.ts": "077b48773de9205266a0b44c3c3a3c3083449ed64bb0b6cc461b95720678d38e",
    "https://deno.land/x/dotenv@v3.2.2/util.ts": "693730877b13f8ead2b79b2aa31e2a0652862f7dc0c5f6d2f313f4d39c7b7670",
    "https://deno.land/x/router@v2.0.0/mod.ts": "8792d3c390e0446d89eb94ee8030dd20de18f2aba649e263d2832f3f150ea2ce",
    "https://deno.land/x/zod@v3.21.4/ZodError.ts": "4de18ff525e75a0315f2c12066b77b5c2ae18c7c15ef7df7e165d63536fdf2ea",
    "https://deno.land/x/zod@v3.21.4/errors.ts": "5285922d2be9700cc0c70c95e4858952b07ae193aa0224be3cbd5cd5567eabef",
    "https://deno.land/x/zod@v3.21.4/external.ts": "a6cfbd61e9e097d5f42f8a7ed6f92f93f51ff927d29c9fbaec04f03cbce130fe",
    "https://deno.land/x/zod@v3.21.4/helpers/enumUtil.ts": "54efc393cc9860e687d8b81ff52e980def00fa67377ad0bf8b3104f8a5bf698c",
    "https://deno.land/x/zod@v3.21.4/helpers/errorUtil.ts": "7a77328240be7b847af6de9189963bd9f79cab32bbc61502a9db4fe6683e2ea7",
    "https://deno.land/x/zod@v3.21.4/helpers/parseUtil.ts": "51a76c126ee212be86013d53a9d07f87e9ae04bb1496f2558e61b62cb74a6aa8",
    "https://deno.land/x/zod@v3.21.4/helpers/partialUtil.ts": "998c2fe79795257d4d1cf10361e74492f3b7d852f61057c7c08ac0a46488b7e7",
    "https://deno.land/x/zod@v3.21.4/helpers/typeAliases.ts": "0fda31a063c6736fc3cf9090dd94865c811dfff4f3cb8707b932bf937c6f2c3e",
    "https://deno.land/x/zod@v3.21.4/helpers/util.ts": "8baf19b19b2fca8424380367b90364b32503b6b71780269a6e3e67700bb02774",
    "https://deno.land/x/zod@v3.21.4/index.ts": "d27aabd973613985574bc31f39e45cb5d856aa122ef094a9f38a463b8ef1a268",
    "https://deno.land/x/zod@v3.21.4/locales/en.ts": "a7a25cd23563ccb5e0eed214d9b31846305ddbcdb9c5c8f508b108943366ab4c",
    "https://deno.land/x/zod@v3.21.4/mod.ts": "64e55237cb4410e17d968cd08975566059f27638ebb0b86048031b987ba251c4",
    "https://deno.land/x/zod@v3.21.4/types.ts": "b5d061babea250de14fc63764df5b3afa24f2b088a1d797fc060ba49a0ddff28"
  }
}
